
Microsoft Visual Studio Solution File, Format Version 12.00
# Visual Studio Version 17
VisualStudioVersion = 17.5.002.0
MinimumVisualStudioVersion = 10.0.40219.1
Project("{9A19103F-16F7-4668-BE54-9A1E7A4F7556}") = "TradeApp", "TradeApp\TradeApp.csproj", "{12805380-A132-414C-A527-CC631FB93AA9}"
EndProject
Project("{FAE04EC0-301F-11D3-BF4B-00C04F79EFBC}") = "TradeApp.Tests", "TradeApp.Tests\TradeApp.Tests.csproj", "{3D81923A-2694-4ED2-81A4-44F9C4F28E23}"
EndProject
Global
	GlobalSection(SolutionConfigurationPlatforms) = preSolution
		Debug|Any CPU = Debug|Any CPU
		Release|Any CPU = Release|Any CPU
	EndGlobalSection
	GlobalSection(ProjectConfigurationPlatforms) = postSolution
		{12805380-A132-414C-A527-CC631FB93AA9}.Debug|Any CPU.ActiveCfg = Debug|Any CPU
		{12805380-A132-414C-A527-CC631FB93AA9}.Debug|Any CPU.Build.0 = Debug|Any CPU
		{12805380-A132-414C-A527-CC631FB93AA9}.Release|Any CPU.ActiveCfg = Release|Any CPU
		{12805380-A132-414C-A527-CC631FB93AA9}.Release|Any CPU.Build.0 = Release|Any CPU
		{3D81923A-2694-4ED2-81A4-44F9C4F28E23}.Debug|Any CPU.ActiveCfg = Debug|Any CPU
		{3D81923A-2694-4ED2-81A4-44F9C4F28E23}.Debug|Any CPU.Build.0 = Debug|Any CPU
		{3D81923A-2694-4ED2-81A4-44F9C4F28E23}.Release|Any CPU.ActiveCfg = Release|Any CPU
		{3D81923A-2694-4ED2-81A4-44F9C4F28E23}.Release|Any CPU.Build.0 = Release|Any CPU
	EndGlobalSection
	GlobalSection(SolutionProperties) = preSolution
		HideSolutionNode = FALSE
	EndGlobalSection
	GlobalSection(ExtensibilityGlobals) = postSolution
		SolutionGuid = {6D975BD6-332C-40C0-99A8-28321A6FFADF}
	EndGlobalSection
EndGlobal
